PODS:
  - Alamofire (4.9.1)
  - AlamofireImage (3.6.0):
    - Alamofire (~> 4.9)
  - AlamofireNetworkActivityIndicator (2.4.0):
    - Alamofire (~> 4.8)
  - Nimble (8.0.5)
  - Quick (2.2.0)

DEPENDENCIES:
  - Alamofire (~> 4.9.1)
  - AlamofireImage (~> 3.5)
  - AlamofireNetworkActivityIndicator (~> 2.4)
  - Nimble
  - Quick

SPEC REPOS:
  trunk:
    - Alamofire
    - AlamofireImage
    - AlamofireNetworkActivityIndicator
    - Nimble
    - Quick

SPEC CHECKSUMS:
  Alamofire: 85e8a02c69d6020a0d734f6054870d7ecb75cf18
  AlamofireImage: be9963c6582d68b39e89191f64c82a7d7bf40fdd
  AlamofireNetworkActivityIndicator: 9acc3de3ca6645bf0efed462396b0df13dd3e7b8
  Nimble: 4ab1aeb9b45553c75b9687196b0fa0713170a332
  Quick: 7fb19e13be07b5dfb3b90d4f9824c855a11af40e

PODFILE CHECKSUM: d8dd5ed648ed072e3232ba1d4a81c3afe97fc424

COCOAPODS: 1.8.4
